
Microsoft Visual Studio Solution File, Format Version 12.00
# Visual Studio Version 17
VisualStudioVersion = 17.3.32929.385
MinimumVisualStudioVersion = 10.0.40219.1
Project("{FAE04EC0-301F-11D3-BF4B-00C04F79EFBC}") = "CaseStudy_BentMelis", "CaseStudy_BentMelis\CaseStudy_BentMelis.csproj", "{050B5063-AEEB-41BC-88B7-7DCD01A5C168}"
EndProject
Global
	GlobalSection(SolutionConfigurationPlatforms) = preSolution
		Debug|Any CPU = Debug|Any CPU
		Release|Any CPU = Release|Any CPU
	EndGlobalSection
	GlobalSection(ProjectConfigurationPlatforms) = postSolution
		{050B5063-AEEB-41BC-88B7-7DCD01A5C168}.Debug|Any CPU.ActiveCfg = Debug|Any CPU
		{050B5063-AEEB-41BC-88B7-7DCD01A5C168}.Debug|Any CPU.Build.0 = Debug|Any CPU
		{050B5063-AEEB-41BC-88B7-7DCD01A5C168}.Release|Any CPU.ActiveCfg = Release|Any CPU
		{050B5063-AEEB-41BC-88B7-7DCD01A5C168}.Release|Any CPU.Build.0 = Release|Any CPU
	EndGlobalSection
	GlobalSection(SolutionProperties) = preSolution
		HideSolutionNode = FALSE
	EndGlobalSection
	GlobalSection(ExtensibilityGlobals) = postSolution
		SolutionGuid = {7EAA97C7-2F61-4288-8FF0-7EB8D02D0353}
	EndGlobalSection
EndGlobal
